
Microsoft Visual Studio Solution File, Format Version 12.00
# Visual Studio Version 17
VisualStudioVersion = 17.0.31903.59
MinimumVisualStudioVersion = 10.0.40219.1
Project("{9A19103F-16F7-4668-BE54-9A1E7A4F7556}") = "ServicebusMessageHandler", "..\ServicebusMessageHandler\ServicebusMessageHandler\ServicebusMessageHandler.csproj", "{9F10A33D-FD10-4895-BD80-7E32E57CAC24}"
EndProject
Project("{9A19103F-16F7-4668-BE54-9A1E7A4F7556}") = "AzureMessagingServiceBusTestsSupport", "..\AzureMessagingServiceBusTestsSupport\AzureMessagingServiceBusTestsSupport\AzureMessagingServiceBusTestsSupport.csproj", "{0569A973-86CE-43E0-8659-3E99BFD4388D}"
EndProject
Project("{9A19103F-16F7-4668-BE54-9A1E7A4F7556}") = "ServiceBusMessageHandlerTests", "..\ServiceBusMessageHandlerTests\ServiceBusMessageHandlerTests\ServiceBusMessageHandlerTests.csproj", "{F223BDF3-24B6-4367-AD28-BC82EFB01C09}"
EndProject
Global
	GlobalSection(SolutionConfigurationPlatforms) = preSolution
		Debug|Any CPU = Debug|Any CPU
		Release|Any CPU = Release|Any CPU
	EndGlobalSection
	GlobalSection(ProjectConfigurationPlatforms) = postSolution
		{9F10A33D-FD10-4895-BD80-7E32E57CAC24}.Debug|Any CPU.ActiveCfg = Debug|Any CPU
		{9F10A33D-FD10-4895-BD80-7E32E57CAC24}.Debug|Any CPU.Build.0 = Debug|Any CPU
		{9F10A33D-FD10-4895-BD80-7E32E57CAC24}.Release|Any CPU.ActiveCfg = Release|Any CPU
		{9F10A33D-FD10-4895-BD80-7E32E57CAC24}.Release|Any CPU.Build.0 = Release|Any CPU
		{0569A973-86CE-43E0-8659-3E99BFD4388D}.Debug|Any CPU.ActiveCfg = Debug|Any CPU
		{0569A973-86CE-43E0-8659-3E99BFD4388D}.Debug|Any CPU.Build.0 = Debug|Any CPU
		{0569A973-86CE-43E0-8659-3E99BFD4388D}.Release|Any CPU.ActiveCfg = Release|Any CPU
		{0569A973-86CE-43E0-8659-3E99BFD4388D}.Release|Any CPU.Build.0 = Release|Any CPU
		{F223BDF3-24B6-4367-AD28-BC82EFB01C09}.Debug|Any CPU.ActiveCfg = Debug|Any CPU
		{F223BDF3-24B6-4367-AD28-BC82EFB01C09}.Debug|Any CPU.Build.0 = Debug|Any CPU
		{F223BDF3-24B6-4367-AD28-BC82EFB01C09}.Release|Any CPU.ActiveCfg = Release|Any CPU
		{F223BDF3-24B6-4367-AD28-BC82EFB01C09}.Release|Any CPU.Build.0 = Release|Any CPU
	EndGlobalSection
	GlobalSection(SolutionProperties) = preSolution
		HideSolutionNode = FALSE
	EndGlobalSection
	GlobalSection(ExtensibilityGlobals) = postSolution
		SolutionGuid = {D1E6EE16-19F8-4F34-B19E-CF2E83BD659B}
	EndGlobalSection
EndGlobal
